PODS:
  - fl_channel (0.0.1):
    - Flutter
  - fl_recorder (0.0.1):
    - fl_channel
    - Flutter
  - Flutter (1.0.0)
  - flutter_sound (9.28.0):
    - Flutter
    - flutter_sound_core (= 9.28.0)
  - flutter_sound_core (9.28.0)
  - path_provider_foundation (0.0.1):
    - Flutter
    - FlutterMacOS

DEPENDENCIES:
  - fl_channel (from `.symlinks/plugins/fl_channel/ios`)
  - fl_recorder (from `.symlinks/plugins/fl_recorder/ios`)
  - Flutter (from `Flutter`)
  - flutter_sound (from `.symlinks/plugins/flutter_sound/ios`)
  - path_provider_foundation (from `.symlinks/plugins/path_provider_foundation/darwin`)

SPEC REPOS:
  trunk:
    - flutter_sound_core

EXTERNAL SOURCES:
  fl_channel:
    :path: ".symlinks/plugins/fl_channel/ios"
  fl_recorder:
    :path: ".symlinks/plugins/fl_recorder/ios"
  Flutter:
    :path: Flutter
  flutter_sound:
    :path: ".symlinks/plugins/flutter_sound/ios"
  path_provider_foundation:
    :path: ".symlinks/plugins/path_provider_foundation/darwin"

SPEC CHECKSUMS:
  fl_channel: d2c680e912d497be8eddea6b545ffc75dd251f8e
  fl_recorder: 71f6385f3958a11baf441c3ed175498c883dd4ed
  Flutter: cabc95a1d2626b1b06e7179b784ebcf0c0cde467
  flutter_sound: b9236a5875299aaa4cef1690afd2f01d52a3f890
  flutter_sound_core: 427465f72d07ab8c3edbe8ffdde709ddacd3763c
  path_provider_foundation: 080d55be775b7414fd5a5ef3ac137b97b097e564

PODFILE CHECKSUM: 5a35c580073c859afffb38a6a140f34612def22c

COCOAPODS: 1.16.2
